
Microsoft Visual Studio Solution File, Format Version 12.00
# Visual Studio Version 17
VisualStudioVersion = 17.4.33110.190
MinimumVisualStudioVersion = 10.0.40219.1
Project("{9A19103F-16F7-4668-BE54-9A1E7A4F7556}") = "RateLimiter", "RateLimiter\RateLimiter.csproj", "{52E16EC5-A270-432D-B69C-75935EBDB6A2}"
EndProject
Project("{FAE04EC0-301F-11D3-BF4B-00C04F79EFBC}") = "RateLimiter.Tests", "ReteLimiter.Tests\RateLimiter.Tests.csproj", "{A27444C8-6C14-48B4-B6D2-6F1EDFAFD183}"
EndProject
Global
	GlobalSection(SolutionConfigurationPlatforms) = preSolution
		Debug|Any CPU = Debug|Any CPU
		Release|Any CPU = Release|Any CPU
	EndGlobalSection
	GlobalSection(ProjectConfigurationPlatforms) = postSolution
		{52E16EC5-A270-432D-B69C-75935EBDB6A2}.Debug|Any CPU.ActiveCfg = Debug|Any CPU
		{52E16EC5-A270-432D-B69C-75935EBDB6A2}.Debug|Any CPU.Build.0 = Debug|Any CPU
		{52E16EC5-A270-432D-B69C-75935EBDB6A2}.Release|Any CPU.ActiveCfg = Release|Any CPU
		{52E16EC5-A270-432D-B69C-75935EBDB6A2}.Release|Any CPU.Build.0 = Release|Any CPU
		{A27444C8-6C14-48B4-B6D2-6F1EDFAFD183}.Debug|Any CPU.ActiveCfg = Debug|Any CPU
		{A27444C8-6C14-48B4-B6D2-6F1EDFAFD183}.Debug|Any CPU.Build.0 = Debug|Any CPU
		{A27444C8-6C14-48B4-B6D2-6F1EDFAFD183}.Release|Any CPU.ActiveCfg = Release|Any CPU
		{A27444C8-6C14-48B4-B6D2-6F1EDFAFD183}.Release|Any CPU.Build.0 = Release|Any CPU
	EndGlobalSection
	GlobalSection(SolutionProperties) = preSolution
		HideSolutionNode = FALSE
	EndGlobalSection
	GlobalSection(ExtensibilityGlobals) = postSolution
		SolutionGuid = {0E7808DA-585A-4A60-B85A-902F539FCB0B}
	EndGlobalSection
EndGlobal
